
Microsoft Visual Studio Solution File, Format Version 12.00
# Visual Studio Version 16
VisualStudioVersion = 16.0.29503.13
MinimumVisualStudioVersion = 10.0.40219.1
Project("{FAE04EC0-301F-11D3-BF4B-00C04F79EFBC}") = "DBModels", "DBModels\DBModels.csproj", "{639F5A6C-5675-4C29-8B8E-2A261BD21C77}"
EndProject
Project("{FAE04EC0-301F-11D3-BF4B-00C04F79EFBC}") = "DBProviders", "DBProviders\DBProviders.csproj", "{2085D6F9-FE86-4ABD-B61E-9D611119BE2C}"
EndProject
Project("{FAE04EC0-301F-11D3-BF4B-00C04F79EFBC}") = "EntityFrameworkDBProvider", "EntityFrameworkDBProvider\EntityFrameworkDBProvider.csproj", "{23288084-96F7-467B-B952-D27620AD2A0B}"
EndProject
Project("{FAE04EC0-301F-11D3-BF4B-00C04F79EFBC}") = "EntityFrameworkDBProviderTests", "EntityFrameworkDBProviderTests\EntityFrameworkDBProviderTests.csproj", "{5F6A6BED-CBD0-4A5E-8238-BFF7152AECC7}"
EndProject
Project("{FAE04EC0-301F-11D3-BF4B-00C04F79EFBC}") = "RESTService", "RESTService\RESTService.csproj", "{6D6963E9-B789-4B6D-B990-7311EC60ECED}"
EndProject
Project("{FAE04EC0-301F-11D3-BF4B-00C04F79EFBC}") = "DTO", "DTO\DTO.csproj", "{7492C490-A9A6-4207-A555-84114AEBE4F1}"
EndProject
Project("{FAE04EC0-301F-11D3-BF4B-00C04F79EFBC}") = "WCFServerInterface", "WCFServerInterface\WCFServerInterface.csproj", "{63BFB7E2-DCEA-4EDB-8910-D763A28819DB}"
EndProject
Project("{FAE04EC0-301F-11D3-BF4B-00C04F79EFBC}") = "NotesServiceImplementation", "NotesServiceImplementation\NotesServiceImplementation.csproj", "{3960A5BD-B416-4F6F-8B77-69DD4C68FBD8}"
EndProject
Project("{FAE04EC0-301F-11D3-BF4B-00C04F79EFBC}") = "NotesWCFServerIIS", "NotesWCFServerIIS\NotesWCFServerIIS.csproj", "{BCC173D1-5CF6-4357-B243-8EFDEE70ADBA}"
EndProject
Project("{FAE04EC0-301F-11D3-BF4B-00C04F79EFBC}") = "WCFServer", "WCFServer\WCFServer.csproj", "{4FDD07D7-3B96-44D1-A289-A8CA497B8A68}"
EndProject
Project("{FAE04EC0-301F-11D3-BF4B-00C04F79EFBC}") = "Tester", "Tester\Tester.csproj", "{1267A90D-C841-4DA2-BB28-EAAC48520B86}"
	ProjectSection(ProjectDependencies) = postProject
		{BCC173D1-5CF6-4357-B243-8EFDEE70ADBA} = {BCC173D1-5CF6-4357-B243-8EFDEE70ADBA}
	EndProjectSection
EndProject
Global
	GlobalSection(SolutionConfigurationPlatforms) = preSolution
		Debug|Any CPU = Debug|Any CPU
		Release|Any CPU = Release|Any CPU
	EndGlobalSection
	GlobalSection(ProjectConfigurationPlatforms) = postSolution
		{639F5A6C-5675-4C29-8B8E-2A261BD21C77}.Debug|Any CPU.ActiveCfg = Debug|Any CPU
		{639F5A6C-5675-4C29-8B8E-2A261BD21C77}.Debug|Any CPU.Build.0 = Debug|Any CPU
		{639F5A6C-5675-4C29-8B8E-2A261BD21C77}.Release|Any CPU.ActiveCfg = Release|Any CPU
		{639F5A6C-5675-4C29-8B8E-2A261BD21C77}.Release|Any CPU.Build.0 = Release|Any CPU
		{2085D6F9-FE86-4ABD-B61E-9D611119BE2C}.Debug|Any CPU.ActiveCfg = Debug|Any CPU
		{2085D6F9-FE86-4ABD-B61E-9D611119BE2C}.Debug|Any CPU.Build.0 = Debug|Any CPU
		{2085D6F9-FE86-4ABD-B61E-9D611119BE2C}.Release|Any CPU.ActiveCfg = Release|Any CPU
		{2085D6F9-FE86-4ABD-B61E-9D611119BE2C}.Release|Any CPU.Build.0 = Release|Any CPU
		{23288084-96F7-467B-B952-D27620AD2A0B}.Debug|Any CPU.ActiveCfg = Debug|Any CPU
		{23288084-96F7-467B-B952-D27620AD2A0B}.Debug|Any CPU.Build.0 = Debug|Any CPU
		{23288084-96F7-467B-B952-D27620AD2A0B}.Release|Any CPU.ActiveCfg = Release|Any CPU
		{23288084-96F7-467B-B952-D27620AD2A0B}.Release|Any CPU.Build.0 = Release|Any CPU
		{5F6A6BED-CBD0-4A5E-8238-BFF7152AECC7}.Debug|Any CPU.ActiveCfg = Debug|Any CPU
		{5F6A6BED-CBD0-4A5E-8238-BFF7152AECC7}.Debug|Any CPU.Build.0 = Debug|Any CPU
		{5F6A6BED-CBD0-4A5E-8238-BFF7152AECC7}.Release|Any CPU.ActiveCfg = Release|Any CPU
		{5F6A6BED-CBD0-4A5E-8238-BFF7152AECC7}.Release|Any CPU.Build.0 = Release|Any CPU
		{6D6963E9-B789-4B6D-B990-7311EC60ECED}.Debug|Any CPU.ActiveCfg = Debug|Any CPU
		{6D6963E9-B789-4B6D-B990-7311EC60ECED}.Debug|Any CPU.Build.0 = Debug|Any CPU
		{6D6963E9-B789-4B6D-B990-7311EC60ECED}.Release|Any CPU.ActiveCfg = Release|Any CPU
		{6D6963E9-B789-4B6D-B990-7311EC60ECED}.Release|Any CPU.Build.0 = Release|Any CPU
		{7492C490-A9A6-4207-A555-84114AEBE4F1}.Debug|Any CPU.ActiveCfg = Debug|Any CPU
		{7492C490-A9A6-4207-A555-84114AEBE4F1}.Debug|Any CPU.Build.0 = Debug|Any CPU
		{7492C490-A9A6-4207-A555-84114AEBE4F1}.Release|Any CPU.ActiveCfg = Release|Any CPU
		{7492C490-A9A6-4207-A555-84114AEBE4F1}.Release|Any CPU.Build.0 = Release|Any CPU
		{63BFB7E2-DCEA-4EDB-8910-D763A28819DB}.Debug|Any CPU.ActiveCfg = Debug|Any CPU
		{63BFB7E2-DCEA-4EDB-8910-D763A28819DB}.Debug|Any CPU.Build.0 = Debug|Any CPU
		{63BFB7E2-DCEA-4EDB-8910-D763A28819DB}.Release|Any CPU.ActiveCfg = Release|Any CPU
		{63BFB7E2-DCEA-4EDB-8910-D763A28819DB}.Release|Any CPU.Build.0 = Release|Any CPU
		{3960A5BD-B416-4F6F-8B77-69DD4C68FBD8}.Debug|Any CPU.ActiveCfg = Debug|Any CPU
		{3960A5BD-B416-4F6F-8B77-69DD4C68FBD8}.Debug|Any CPU.Build.0 = Debug|Any CPU
		{3960A5BD-B416-4F6F-8B77-69DD4C68FBD8}.Release|Any CPU.ActiveCfg = Release|Any CPU
		{3960A5BD-B416-4F6F-8B77-69DD4C68FBD8}.Release|Any CPU.Build.0 = Release|Any CPU
		{BCC173D1-5CF6-4357-B243-8EFDEE70ADBA}.Debug|Any CPU.ActiveCfg = Debug|Any CPU
		{BCC173D1-5CF6-4357-B243-8EFDEE70ADBA}.Debug|Any CPU.Build.0 = Debug|Any CPU
		{BCC173D1-5CF6-4357-B243-8EFDEE70ADBA}.Release|Any CPU.ActiveCfg = Release|Any CPU
		{BCC173D1-5CF6-4357-B243-8EFDEE70ADBA}.Release|Any CPU.Build.0 = Release|Any CPU
		{4FDD07D7-3B96-44D1-A289-A8CA497B8A68}.Debug|Any CPU.ActiveCfg = Debug|Any CPU
		{4FDD07D7-3B96-44D1-A289-A8CA497B8A68}.Debug|Any CPU.Build.0 = Debug|Any CPU
		{4FDD07D7-3B96-44D1-A289-A8CA497B8A68}.Release|Any CPU.ActiveCfg = Release|Any CPU
		{4FDD07D7-3B96-44D1-A289-A8CA497B8A68}.Release|Any CPU.Build.0 = Release|Any CPU
		{1267A90D-C841-4DA2-BB28-EAAC48520B86}.Debug|Any CPU.ActiveCfg = Debug|Any CPU
		{1267A90D-C841-4DA2-BB28-EAAC48520B86}.Debug|Any CPU.Build.0 = Debug|Any CPU
		{1267A90D-C841-4DA2-BB28-EAAC48520B86}.Release|Any CPU.ActiveCfg = Release|Any CPU
		{1267A90D-C841-4DA2-BB28-EAAC48520B86}.Release|Any CPU.Build.0 = Release|Any CPU
	EndGlobalSection
	GlobalSection(SolutionProperties) = preSolution
		HideSolutionNode = FALSE
	EndGlobalSection
	GlobalSection(ExtensibilityGlobals) = postSolution
		SolutionGuid = {13DE25B4-E6CD-48BC-ADBD-7A8DBB40894B}
	EndGlobalSection
EndGlobal
