
Microsoft Visual Studio Solution File, Format Version 12.00
# Visual Studio Version 16
VisualStudioVersion = 16.0.29503.13
MinimumVisualStudioVersion = 10.0.40219.1
Project("{FAE04EC0-301F-11D3-BF4B-00C04F79EFBC}") = "Service", "Service\Service.csproj", "{75B6B9D4-A782-48C4-8BD7-721E43BD9C16}"
EndProject
Project("{FAE04EC0-301F-11D3-BF4B-00C04F79EFBC}") = "DBModels", "DBModels\DBModels.csproj", "{639F5A6C-5675-4C29-8B8E-2A261BD21C77}"
EndProject
Project("{FAE04EC0-301F-11D3-BF4B-00C04F79EFBC}") = "DBProviders", "DBProviders\DBProviders.csproj", "{2085D6F9-FE86-4ABD-B61E-9D611119BE2C}"
EndProject
Project("{FAE04EC0-301F-11D3-BF4B-00C04F79EFBC}") = "EntityFrameworkDBProvider", "EntityFrameworkDBProvider\EntityFrameworkDBProvider.csproj", "{23288084-96F7-467B-B952-D27620AD2A0B}"
EndProject
Project("{FAE04EC0-301F-11D3-BF4B-00C04F79EFBC}") = "Tester", "Tester\Tester.csproj", "{1267A90D-C841-4DA2-BB28-EAAC48520B86}"
EndProject
Global
	GlobalSection(SolutionConfigurationPlatforms) = preSolution
		Debug|Any CPU = Debug|Any CPU
		Release|Any CPU = Release|Any CPU
	EndGlobalSection
	GlobalSection(ProjectConfigurationPlatforms) = postSolution
		{75B6B9D4-A782-48C4-8BD7-721E43BD9C16}.Debug|Any CPU.ActiveCfg = Debug|Any CPU
		{75B6B9D4-A782-48C4-8BD7-721E43BD9C16}.Debug|Any CPU.Build.0 = Debug|Any CPU
		{75B6B9D4-A782-48C4-8BD7-721E43BD9C16}.Release|Any CPU.ActiveCfg = Release|Any CPU
		{75B6B9D4-A782-48C4-8BD7-721E43BD9C16}.Release|Any CPU.Build.0 = Release|Any CPU
		{639F5A6C-5675-4C29-8B8E-2A261BD21C77}.Debug|Any CPU.ActiveCfg = Debug|Any CPU
		{639F5A6C-5675-4C29-8B8E-2A261BD21C77}.Debug|Any CPU.Build.0 = Debug|Any CPU
		{639F5A6C-5675-4C29-8B8E-2A261BD21C77}.Release|Any CPU.ActiveCfg = Release|Any CPU
		{639F5A6C-5675-4C29-8B8E-2A261BD21C77}.Release|Any CPU.Build.0 = Release|Any CPU
		{2085D6F9-FE86-4ABD-B61E-9D611119BE2C}.Debug|Any CPU.ActiveCfg = Debug|Any CPU
		{2085D6F9-FE86-4ABD-B61E-9D611119BE2C}.Debug|Any CPU.Build.0 = Debug|Any CPU
		{2085D6F9-FE86-4ABD-B61E-9D611119BE2C}.Release|Any CPU.ActiveCfg = Release|Any CPU
		{2085D6F9-FE86-4ABD-B61E-9D611119BE2C}.Release|Any CPU.Build.0 = Release|Any CPU
		{23288084-96F7-467B-B952-D27620AD2A0B}.Debug|Any CPU.ActiveCfg = Debug|Any CPU
		{23288084-96F7-467B-B952-D27620AD2A0B}.Debug|Any CPU.Build.0 = Debug|Any CPU
		{23288084-96F7-467B-B952-D27620AD2A0B}.Release|Any CPU.ActiveCfg = Release|Any CPU
		{23288084-96F7-467B-B952-D27620AD2A0B}.Release|Any CPU.Build.0 = Release|Any CPU
		{1267A90D-C841-4DA2-BB28-EAAC48520B86}.Debug|Any CPU.ActiveCfg = Debug|Any CPU
		{1267A90D-C841-4DA2-BB28-EAAC48520B86}.Debug|Any CPU.Build.0 = Debug|Any CPU
		{1267A90D-C841-4DA2-BB28-EAAC48520B86}.Release|Any CPU.ActiveCfg = Release|Any CPU
		{1267A90D-C841-4DA2-BB28-EAAC48520B86}.Release|Any CPU.Build.0 = Release|Any CPU
	EndGlobalSection
	GlobalSection(SolutionProperties) = preSolution
		HideSolutionNode = FALSE
	EndGlobalSection
	GlobalSection(ExtensibilityGlobals) = postSolution
		SolutionGuid = {13DE25B4-E6CD-48BC-ADBD-7A8DBB40894B}
	EndGlobalSection
EndGlobal
